// !$*UTF8*$!
{
	archiveVersion = 1;
	classes = {
	};
	objectVersion = 55;
	objects = {

/* Begin PBXBuildFile section */
		0B421093283BCAF3000469DE /* LocalState.swift in Sources */ = {isa = PBXBuildFile; fileRef = 0B421092283BCAF3000469DE /* LocalState.swift */; };
		0B421095283BCB09000469DE /* OnboardingContainerViewControllerDelegate.swift in Sources */ = {isa = PBXBuildFile; fileRef = 0B421094283BCB09000469DE /* OnboardingContainerViewControllerDelegate.swift */; };
		0B421097283BCB1E000469DE /* OnboardingViewController.swift in Sources */ = {isa = PBXBuildFile; fileRef = 0B421096283BCB1E000469DE /* OnboardingViewController.swift */; };
		0B453A492837C45D00FBFA26 /* AppDelegate.swift in Sources */ = {isa = PBXBuildFile; fileRef = 0B453A482837C45D00FBFA26 /* AppDelegate.swift */; };
		0B453A4B2837C45D00FBFA26 /* SceneDelegate.swift in Sources */ = {isa = PBXBuildFile; fileRef = 0B453A4A2837C45D00FBFA26 /* SceneDelegate.swift */; };
		0B453A4D2837C45D00FBFA26 /* MapViewController.swift in Sources */ = {isa = PBXBuildFile; fileRef = 0B453A4C2837C45D00FBFA26 /* MapViewController.swift */; };
		0B453A522837C46000FBFA26 /* Assets.xcassets in Resources */ = {isa = PBXBuildFile; fileRef = 0B453A512837C46000FBFA26 /* Assets.xcassets */; };
		0B453A552837C46000FBFA26 /* LaunchScreen.storyboard in Resources */ = {isa = PBXBuildFile; fileRef = 0B453A532837C46000FBFA26 /* LaunchScreen.storyboard */; };
		0B453A602837ED2900FBFA26 /* currentPositionItem.swift in Sources */ = {isa = PBXBuildFile; fileRef = 0B453A5F2837ED2900FBFA26 /* currentPositionItem.swift */; };
		0B453A642838B29900FBFA26 /* Data.geojson in Resources */ = {isa = PBXBuildFile; fileRef = 0B453A632838B29900FBFA26 /* Data.geojson */; };
		0B453A662838B59200FBFA26 /* Model.swift in Sources */ = {isa = PBXBuildFile; fileRef = 0B453A652838B59200FBFA26 /* Model.swift */; };
		0B453A682839385B00FBFA26 /* Animation.swift in Sources */ = {isa = PBXBuildFile; fileRef = 0B453A672839385B00FBFA26 /* Animation.swift */; };
		0B453A6A283948A400FBFA26 /* ColorConverter.swift in Sources */ = {isa = PBXBuildFile; fileRef = 0B453A69283948A400FBFA26 /* ColorConverter.swift */; };
		0B453A6C283948BB00FBFA26 /* Constants.swift in Sources */ = {isa = PBXBuildFile; fileRef = 0B453A6B283948BB00FBFA26 /* Constants.swift */; };
		9F099C908F9E3D540369E06C /* Pods_MaasPoints.framework in Frameworks */ = {isa = PBXBuildFile; fileRef = 2A43620884F2EE5412F5C01E /* Pods_MaasPoints.framework */; };
/* End PBXBuildFile section */

/* Begin PBXFileReference section */
		0B421092283BCAF3000469DE /* LocalState.swift */ = {isa = PBXFileReference; lastKnownFileType = sourcecode.swift; path = LocalState.swift; sourceTree = "<group>"; };
		0B421094283BCB09000469DE /* OnboardingContainerViewControllerDelegate.swift */ = {isa = PBXFileReference; lastKnownFileType = sourcecode.swift; path = OnboardingContainerViewControllerDelegate.swift; sourceTree = "<group>"; };
		0B421096283BCB1E000469DE /* OnboardingViewController.swift */ = {isa = PBXFileReference; lastKnownFileType = sourcecode.swift; path = OnboardingViewController.swift; sourceTree = "<group>"; };
		0B453A452837C45D00FBFA26 /* MaasPoints.app */ = {isa = PBXFileReference; explicitFileType = wrapper.application; includeInIndex = 0; path = MaasPoints.app; sourceTree = BUILT_PRODUCTS_DIR; };
		0B453A482837C45D00FBFA26 /* AppDelegate.swift */ = {isa = PBXFileReference; lastKnownFileType = sourcecode.swift; path = AppDelegate.swift; sourceTree = "<group>"; };
		0B453A4A2837C45D00FBFA26 /* SceneDelegate.swift */ = {isa = PBXFileReference; lastKnownFileType = sourcecode.swift; path = SceneDelegate.swift; sourceTree = "<group>"; };
		0B453A4C2837C45D00FBFA26 /* MapViewController.swift */ = {isa = PBXFileReference; lastKnownFileType = sourcecode.swift; path = MapViewController.swift; sourceTree = "<group>"; };
		0B453A512837C46000FBFA26 /* Assets.xcassets */ = {isa = PBXFileReference; lastKnownFileType = folder.assetcatalog; path = Assets.xcassets; sourceTree = "<group>"; };
		0B453A542837C46000FBFA26 /* Base */ = {isa = PBXFileReference; lastKnownFileType = file.storyboard; name = Base; path = Base.lproj/LaunchScreen.storyboard; sourceTree = "<group>"; };
		0B453A562837C46000FBFA26 /* Info.plist */ = {isa = PBXFileReference; lastKnownFileType = text.plist.xml; path = Info.plist; sourceTree = "<group>"; };
		0B453A5F2837ED2900FBFA26 /* currentPositionItem.swift */ = {isa = PBXFileReference; lastKnownFileType = sourcecode.swift; path = currentPositionItem.swift; sourceTree = "<group>"; };
		0B453A632838B29900FBFA26 /* Data.geojson */ = {isa = PBXFileReference; lastKnownFileType = text; path = Data.geojson; sourceTree = "<group>"; };
		0B453A652838B59200FBFA26 /* Model.swift */ = {isa = PBXFileReference; lastKnownFileType = sourcecode.swift; path = Model.swift; sourceTree = "<group>"; };
		0B453A672839385B00FBFA26 /* Animation.swift */ = {isa = PBXFileReference; lastKnownFileType = sourcecode.swift; path = Animation.swift; sourceTree = "<group>"; };
		0B453A69283948A400FBFA26 /* ColorConverter.swift */ = {isa = PBXFileReference; lastKnownFileType = sourcecode.swift; path = ColorConverter.swift; sourceTree = "<group>"; };
		0B453A6B283948BB00FBFA26 /* Constants.swift */ = {isa = PBXFileReference; lastKnownFileType = sourcecode.swift; path = Constants.swift; sourceTree = "<group>"; };
		2A43620884F2EE5412F5C01E /* Pods_MaasPoints.framework */ = {isa = PBXFileReference; explicitFileType = wrapper.framework; includeInIndex = 0; path = Pods_MaasPoints.framework; sourceTree = BUILT_PRODUCTS_DIR; };
		4FDD2C88A33F16338DCE6642 /* Pods-MaasPoints.debug.xcconfig */ = {isa = PBXFileReference; includeInIndex = 1; lastKnownFileType = text.xcconfig; name = "Pods-MaasPoints.debug.xcconfig"; path = "Target Support Files/Pods-MaasPoints/Pods-MaasPoints.debug.xcconfig"; sourceTree = "<group>"; };
		E591D09CF467290C64F22E20 /* Pods-MaasPoints.release.xcconfig */ = {isa = PBXFileReference; includeInIndex = 1; lastKnownFileType = text.xcconfig; name = "Pods-MaasPoints.release.xcconfig"; path = "Target Support Files/Pods-MaasPoints/Pods-MaasPoints.release.xcconfig"; sourceTree = "<group>"; };
/* End PBXFileReference section */

/* Begin PBXFrameworksBuildPhase section */
		0B453A422837C45D00FBFA26 /* Frameworks */ = {
			isa = PBXFrameworksBuildPhase;
			buildActionMask = 2147483647;
			files = (
				9F099C908F9E3D540369E06C /* Pods_MaasPoints.framework in Frameworks */,
			);
			runOnlyForDeploymentPostprocessing = 0;
		};
/* End PBXFrameworksBuildPhase section */

/* Begin PBXGroup section */
		0B453A3C2837C45D00FBFA26 = {
			isa = PBXGroup;
			children = (
				0B453A472837C45D00FBFA26 /* MaasPoints */,
				0B453A462837C45D00FBFA26 /* Products */,
				BBED4AF7274A3EC4591E7F7B /* Pods */,
				DA516F6B4CBF51CFF0C44E2D /* Frameworks */,
			);
			sourceTree = "<group>";
		};
		0B453A462837C45D00FBFA26 /* Products */ = {
			isa = PBXGroup;
			children = (
				0B453A452837C45D00FBFA26 /* MaasPoints.app */,
			);
			name = Products;
			sourceTree = "<group>";
		};
		0B453A472837C45D00FBFA26 /* MaasPoints */ = {
			isa = PBXGroup;
			children = (
				0B453A482837C45D00FBFA26 /* AppDelegate.swift */,
				0B453A4A2837C45D00FBFA26 /* SceneDelegate.swift */,
				0B421092283BCAF3000469DE /* LocalState.swift */,
				0B421094283BCB09000469DE /* OnboardingContainerViewControllerDelegate.swift */,
				0B421096283BCB1E000469DE /* OnboardingViewController.swift */,
				0B453A4C2837C45D00FBFA26 /* MapViewController.swift */,
				0B453A69283948A400FBFA26 /* ColorConverter.swift */,
				0B453A6B283948BB00FBFA26 /* Constants.swift */,
				0B453A672839385B00FBFA26 /* Animation.swift */,
				0B453A5F2837ED2900FBFA26 /* currentPositionItem.swift */,
				0B453A632838B29900FBFA26 /* Data.geojson */,
				0B453A652838B59200FBFA26 /* Model.swift */,
				0B453A512837C46000FBFA26 /* Assets.xcassets */,
				0B453A532837C46000FBFA26 /* LaunchScreen.storyboard */,
				0B453A562837C46000FBFA26 /* Info.plist */,
			);
			path = MaasPoints;
			sourceTree = "<group>";
		};
		BBED4AF7274A3EC4591E7F7B /* Pods */ = {
			isa = PBXGroup;
			children = (
				4FDD2C88A33F16338DCE6642 /* Pods-MaasPoints.debug.xcconfig */,
				E591D09CF467290C64F22E20 /* Pods-MaasPoints.release.xcconfig */,
			);
			path = Pods;
			sourceTree = "<group>";
		};
		DA516F6B4CBF51CFF0C44E2D /* Frameworks */ = {
			isa = PBXGroup;
			children = (
				2A43620884F2EE5412F5C01E /* Pods_MaasPoints.framework */,
			);
			name = Frameworks;
			sourceTree = "<group>";
		};
/* End PBXGroup section */

/* Begin PBXNativeTarget section */
		0B453A442837C45D00FBFA26 /* MaasPoints */ = {
			isa = PBXNativeTarget;
			buildConfigurationList = 0B453A592837C46000FBFA26 /* Build configuration list for PBXNativeTarget "MaasPoints" */;
			buildPhases = (
				924099E9EB109358D2EEB070 /* [CP] Check Pods Manifest.lock */,
				0B453A412837C45D00FBFA26 /* Sources */,
				0B453A422837C45D00FBFA26 /* Frameworks */,
				0B453A432837C45D00FBFA26 /* Resources */,
				6A34285E2D872BD8DF679957 /* [CP] Embed Pods Frameworks */,
			);
			buildRules = (
			);
			dependencies = (
			);
			name = MaasPoints;
			productName = MaasPoints;
			productReference = 0B453A452837C45D00FBFA26 /* MaasPoints.app */;
			productType = "com.apple.product-type.application";
		};
/* End PBXNativeTarget section */

/* Begin PBXProject section */
		0B453A3D2837C45D00FBFA26 /* Project object */ = {
			isa = PBXProject;
			attributes = {
				BuildIndependentTargetsInParallel = 1;
				LastSwiftUpdateCheck = 1340;
				LastUpgradeCheck = 1340;
				TargetAttributes = {
					0B453A442837C45D00FBFA26 = {
						CreatedOnToolsVersion = 13.4;
					};
				};
			};
			buildConfigurationList = 0B453A402837C45D00FBFA26 /* Build configuration list for PBXProject "MaasPoints" */;
			compatibilityVersion = "Xcode 13.0";
			developmentRegion = en;
			hasScannedForEncodings = 0;
			knownRegions = (
				en,
				Base,
			);
			mainGroup = 0B453A3C2837C45D00FBFA26;
			productRefGroup = 0B453A462837C45D00FBFA26 /* Products */;
			projectDirPath = "";
			projectRoot = "";
			targets = (
				0B453A442837C45D00FBFA26 /* MaasPoints */,
			);
		};
/* End PBXProject section */

/* Begin PBXResourcesBuildPhase section */
		0B453A432837C45D00FBFA26 /* Resources */ = {
			isa = PBXResourcesBuildPhase;
			buildActionMask = 2147483647;
			files = (
				0B453A642838B29900FBFA26 /* Data.geojson in Resources */,
				0B453A552837C46000FBFA26 /* LaunchScreen.storyboard in Resources */,
				0B453A522837C46000FBFA26 /* Assets.xcassets in Resources */,
			);
			runOnlyForDeploymentPostprocessing = 0;
		};
/* End PBXResourcesBuildPhase section */

/* Begin PBXShellScriptBuildPhase section */
		6A34285E2D872BD8DF679957 /* [CP] Embed Pods Frameworks */ = {
			isa = PBXShellScriptBuildPhase;
			buildActionMask = 2147483647;
			files = (
			);
			inputFileListPaths = (
				"${PODS_ROOT}/Target Support Files/Pods-MaasPoints/Pods-MaasPoints-frameworks-${CONFIGURATION}-input-files.xcfilelist",
			);
			name = "[CP] Embed Pods Frameworks";
			outputFileListPaths = (
				"${PODS_ROOT}/Target Support Files/Pods-MaasPoints/Pods-MaasPoints-frameworks-${CONFIGURATION}-output-files.xcfilelist",
			);
			runOnlyForDeploymentPostprocessing = 0;
			shellPath = /bin/sh;
			shellScript = "\"${PODS_ROOT}/Target Support Files/Pods-MaasPoints/Pods-MaasPoints-frameworks.sh\"\n";
			showEnvVarsInLog = 0;
		};
		924099E9EB109358D2EEB070 /* [CP] Check Pods Manifest.lock */ = {
			isa = PBXShellScriptBuildPhase;
			buildActionMask = 2147483647;
			files = (
			);
			inputFileListPaths = (
			);
			inputPaths = (
				"${PODS_PODFILE_DIR_PATH}/Podfile.lock",
				"${PODS_ROOT}/Manifest.lock",
			);
			name = "[CP] Check Pods Manifest.lock";
			outputFileListPaths = (
			);
			outputPaths = (
				"$(DERIVED_FILE_DIR)/Pods-MaasPoints-checkManifestLockResult.txt",
			);
			runOnlyForDeploymentPostprocessing = 0;
			shellPath = /bin/sh;
			shellScript = "diff \"${PODS_PODFILE_DIR_PATH}/Podfile.lock\" \"${PODS_ROOT}/Manifest.lock\" > /dev/null\nif [ $? != 0 ] ; then\n    # print error to STDERR\n    echo \"error: The sandbox is not in sync with the Podfile.lock. Run 'pod install' or update your CocoaPods installation.\" >&2\n    exit 1\nfi\n# This output is used by Xcode 'outputs' to avoid re-running this script phase.\necho \"SUCCESS\" > \"${SCRIPT_OUTPUT_FILE_0}\"\n";
			showEnvVarsInLog = 0;
		};
/* End PBXShellScriptBuildPhase section */

/* Begin PBXSourcesBuildPhase section */
		0B453A412837C45D00FBFA26 /* Sources */ = {
			isa = PBXSourcesBuildPhase;
			buildActionMask = 2147483647;
			files = (
				0B453A4D2837C45D00FBFA26 /* MapViewController.swift in Sources */,
				0B421093283BCAF3000469DE /* LocalState.swift in Sources */,
				0B453A492837C45D00FBFA26 /* AppDelegate.swift in Sources */,
				0B453A4B2837C45D00FBFA26 /* SceneDelegate.swift in Sources */,
				0B453A662838B59200FBFA26 /* Model.swift in Sources */,
				0B453A682839385B00FBFA26 /* Animation.swift in Sources */,
				0B453A6A283948A400FBFA26 /* ColorConverter.swift in Sources */,
				0B453A602837ED2900FBFA26 /* currentPositionItem.swift in Sources */,
				0B421095283BCB09000469DE /* OnboardingContainerViewControllerDelegate.swift in Sources */,
				0B421097283BCB1E000469DE /* OnboardingViewController.swift in Sources */,
				0B453A6C283948BB00FBFA26 /* Constants.swift in Sources */,
			);
			runOnlyForDeploymentPostprocessing = 0;
		};
/* End PBXSourcesBuildPhase section */

/* Begin PBXVariantGroup section */
		0B453A532837C46000FBFA26 /* LaunchScreen.storyboard */ = {
			isa = PBXVariantGroup;
			children = (
				0B453A542837C46000FBFA26 /* Base */,
			);
			name = LaunchScreen.storyboard;
			sourceTree = "<group>";
		};
/* End PBXVariantGroup section */

/* Begin XCBuildConfiguration section */
		0B453A572837C46000FBFA26 /* Debug */ = {
			isa = XCBuildConfiguration;
			buildSettings = {
				ALWAYS_SEARCH_USER_PATHS = NO;
				CLANG_ANALYZER_NONNULL = YES;
				CLANG_ANALYZER_NUMBER_OBJECT_CONVERSION = YES_AGGRESSIVE;
				CLANG_CXX_LANGUAGE_STANDARD = "gnu++17";
				CLANG_ENABLE_MODULES = YES;
				CLANG_ENABLE_OBJC_ARC = YES;
				CLANG_ENABLE_OBJC_WEAK = YES;
				CLANG_WARN_BLOCK_CAPTURE_AUTORELEASING = YES;
				CLANG_WARN_BOOL_CONVERSION = YES;
				CLANG_WARN_COMMA = YES;
				CLANG_WARN_CONSTANT_CONVERSION = YES;
				CLANG_WARN_DEPRECATED_OBJC_IMPLEMENTATIONS = YES;
				CLANG_WARN_DIRECT_OBJC_ISA_USAGE = YES_ERROR;
				CLANG_WARN_DOCUMENTATION_COMMENTS = YES;
				CLANG_WARN_EMPTY_BODY = YES;
				CLANG_WARN_ENUM_CONVERSION = YES;
				CLANG_WARN_INFINITE_RECURSION = YES;
				CLANG_WARN_INT_CONVERSION = YES;
				CLANG_WARN_NON_LITERAL_NULL_CONVERSION = YES;
				CLANG_WARN_OBJC_IMPLICIT_RETAIN_SELF = YES;
				CLANG_WARN_OBJC_LITERAL_CONVERSION = YES;
				CLANG_WARN_OBJC_ROOT_CLASS = YES_ERROR;
				CLANG_WARN_QUOTED_INCLUDE_IN_FRAMEWORK_HEADER = YES;
				CLANG_WARN_RANGE_LOOP_ANALYSIS = YES;
				CLANG_WARN_STRICT_PROTOTYPES = YES;
				CLANG_WARN_SUSPICIOUS_MOVE = YES;
				CLANG_WARN_UNGUARDED_AVAILABILITY = YES_AGGRESSIVE;
				CLANG_WARN_UNREACHABLE_CODE = YES;
				CLANG_WARN__DUPLICATE_METHOD_MATCH = YES;
				COPY_PHASE_STRIP = NO;
				DEBUG_INFORMATION_FORMAT = dwarf;
				ENABLE_STRICT_OBJC_MSGSEND = YES;
				ENABLE_TESTABILITY = YES;
				GCC_C_LANGUAGE_STANDARD = gnu11;
				GCC_DYNAMIC_NO_PIC = NO;
				GCC_NO_COMMON_BLOCKS = YES;
				GCC_OPTIMIZATION_LEVEL = 0;
				GCC_PREPROCESSOR_DEFINITIONS = (
					"DEBUG=1",
					"$(inherited)",
				);
				GCC_WARN_64_TO_32_BIT_CONVERSION = YES;
				GCC_WARN_ABOUT_RETURN_TYPE = YES_ERROR;
				GCC_WARN_UNDECLARED_SELECTOR = YES;
				GCC_WARN_UNINITIALIZED_AUTOS = YES_AGGRESSIVE;
				GCC_WARN_UNUSED_FUNCTION = YES;
				GCC_WARN_UNUSED_VARIABLE = YES;
				IPHONEOS_DEPLOYMENT_TARGET = 14.0;
				MTL_ENABLE_DEBUG_INFO = INCLUDE_SOURCE;
				MTL_FAST_MATH = YES;
				ONLY_ACTIVE_ARCH = YES;
				SDKROOT = iphoneos;
				SWIFT_ACTIVE_COMPILATION_CONDITIONS = DEBUG;
				SWIFT_OPTIMIZATION_LEVEL = "-Onone";
			};
			name = Debug;
		};
		0B453A582837C46000FBFA26 /* Release */ = {
			isa = XCBuildConfiguration;
			buildSettings = {
				ALWAYS_SEARCH_USER_PATHS = NO;
				CLANG_ANALYZER_NONNULL = YES;
				CLANG_ANALYZER_NUMBER_OBJECT_CONVERSION = YES_AGGRESSIVE;
				CLANG_CXX_LANGUAGE_STANDARD = "gnu++17";
				CLANG_ENABLE_MODULES = YES;
				CLANG_ENABLE_OBJC_ARC = YES;
				CLANG_ENABLE_OBJC_WEAK = YES;
				CLANG_WARN_BLOCK_CAPTURE_AUTORELEASING = YES;
				CLANG_WARN_BOOL_CONVERSION = YES;
				CLANG_WARN_COMMA = YES;
				CLANG_WARN_CONSTANT_CONVERSION = YES;
				CLANG_WARN_DEPRECATED_OBJC_IMPLEMENTATIONS = YES;
				CLANG_WARN_DIRECT_OBJC_ISA_USAGE = YES_ERROR;
				CLANG_WARN_DOCUMENTATION_COMMENTS = YES;
				CLANG_WARN_EMPTY_BODY = YES;
				CLANG_WARN_ENUM_CONVERSION = YES;
				CLANG_WARN_INFINITE_RECURSION = YES;
				CLANG_WARN_INT_CONVERSION = YES;
				CLANG_WARN_NON_LITERAL_NULL_CONVERSION = YES;
				CLANG_WARN_OBJC_IMPLICIT_RETAIN_SELF = YES;
				CLANG_WARN_OBJC_LITERAL_CONVERSION = YES;
				CLANG_WARN_OBJC_ROOT_CLASS = YES_ERROR;
				CLANG_WARN_QUOTED_INCLUDE_IN_FRAMEWORK_HEADER = YES;
				CLANG_WARN_RANGE_LOOP_ANALYSIS = YES;
				CLANG_WARN_STRICT_PROTOTYPES = YES;
				CLANG_WARN_SUSPICIOUS_MOVE = YES;
				CLANG_WARN_UNGUARDED_AVAILABILITY = YES_AGGRESSIVE;
				CLANG_WARN_UNREACHABLE_CODE = YES;
				CLANG_WARN__DUPLICATE_METHOD_MATCH = YES;
				COPY_PHASE_STRIP = NO;
				DEBUG_INFORMATION_FORMAT = "dwarf-with-dsym";
				ENABLE_NS_ASSERTIONS = NO;
				ENABLE_STRICT_OBJC_MSGSEND = YES;
				GCC_C_LANGUAGE_STANDARD = gnu11;
				GCC_NO_COMMON_BLOCKS = YES;
				GCC_WARN_64_TO_32_BIT_CONVERSION = YES;
				GCC_WARN_ABOUT_RETURN_TYPE = YES_ERROR;
				GCC_WARN_UNDECLARED_SELECTOR = YES;
				GCC_WARN_UNINITIALIZED_AUTOS = YES_AGGRESSIVE;
				GCC_WARN_UNUSED_FUNCTION = YES;
				GCC_WARN_UNUSED_VARIABLE = YES;
				IPHONEOS_DEPLOYMENT_TARGET = 14.0;
				MTL_ENABLE_DEBUG_INFO = NO;
				MTL_FAST_MATH = YES;
				SDKROOT = iphoneos;
				SWIFT_COMPILATION_MODE = wholemodule;
				SWIFT_OPTIMIZATION_LEVEL = "-O";
				VALIDATE_PRODUCT = YES;
			};
			name = Release;
		};
		0B453A5A2837C46000FBFA26 /* Debug */ = {
			isa = XCBuildConfiguration;
			baseConfigurationReference = 4FDD2C88A33F16338DCE6642 /* Pods-MaasPoints.debug.xcconfig */;
			buildSettings = {
				ASSETCATALOG_COMPILER_APPICON_NAME = AppIcon;
				ASSETCATALOG_COMPILER_GLOBAL_ACCENT_COLOR_NAME = AccentColor;
				CODE_SIGN_STYLE = Automatic;
				CURRENT_PROJECT_VERSION = 1;
				DEVELOPMENT_TEAM = 327B2F3V2J;
				GENERATE_INFOPLIST_FILE = YES;
				INFOPLIST_FILE = MaasPoints/Info.plist;
				INFOPLIST_KEY_UIApplicationSupportsIndirectInputEvents = YES;
				INFOPLIST_KEY_UILaunchStoryboardName = LaunchScreen;
				INFOPLIST_KEY_UISupportedInterfaceOrientations = UIInterfaceOrientationPortrait;
				INFOPLIST_KEY_UISupportedInterfaceOrientations_iPad = "UIInterfaceOrientationPortrait UIInterfaceOrientationPortraitUpsideDown UIInterfaceOrientationLandscapeLeft UIInterfaceOrientationLandscapeRight";
				INFOPLIST_KEY_UISupportedInterfaceOrientations_iPhone = "UIInterfaceOrientationPortrait UIInterfaceOrientationLandscapeLeft UIInterfaceOrientationLandscapeRight";
				LD_RUNPATH_SEARCH_PATHS = (
					"$(inherited)",
					"@executable_path/Frameworks",
				);
				MARKETING_VERSION = 1.0;
				PRODUCT_BUNDLE_IDENTIFIER = com.Mr.Ki.MaasPoints;
				PRODUCT_NAME = "$(TARGET_NAME)";
				SWIFT_EMIT_LOC_STRINGS = YES;
				SWIFT_VERSION = 5.0;
				TARGETED_DEVICE_FAMILY = 1;
			};
			name = Debug;
		};
		0B453A5B2837C46000FBFA26 /* Release */ = {
			isa = XCBuildConfiguration;
			baseConfigurationReference = E591D09CF467290C64F22E20 /* Pods-MaasPoints.release.xcconfig */;
			buildSettings = {
				ASSETCATALOG_COMPILER_APPICON_NAME = AppIcon;
				ASSETCATALOG_COMPILER_GLOBAL_ACCENT_COLOR_NAME = AccentColor;
				CODE_SIGN_STYLE = Automatic;
				CURRENT_PROJECT_VERSION = 1;
				DEVELOPMENT_TEAM = 327B2F3V2J;
				GENERATE_INFOPLIST_FILE = YES;
				INFOPLIST_FILE = MaasPoints/Info.plist;
				INFOPLIST_KEY_UIApplicationSupportsIndirectInputEvents = YES;
				INFOPLIST_KEY_UILaunchStoryboardName = LaunchScreen;
				INFOPLIST_KEY_UISupportedInterfaceOrientations = UIInterfaceOrientationPortrait;
				INFOPLIST_KEY_UISupportedInterfaceOrientations_iPad = "UIInterfaceOrientationPortrait UIInterfaceOrientationPortraitUpsideDown UIInterfaceOrientationLandscapeLeft UIInterfaceOrientationLandscapeRight";
				INFOPLIST_KEY_UISupportedInterfaceOrientations_iPhone = "UIInterfaceOrientationPortrait UIInterfaceOrientationLandscapeLeft UIInterfaceOrientationLandscapeRight";
				LD_RUNPATH_SEARCH_PATHS = (
					"$(inherited)",
					"@executable_path/Frameworks",
				);
				MARKETING_VERSION = 1.0;
				PRODUCT_BUNDLE_IDENTIFIER = com.Mr.Ki.MaasPoints;
				PRODUCT_NAME = "$(TARGET_NAME)";
				SWIFT_EMIT_LOC_STRINGS = YES;
				SWIFT_VERSION = 5.0;
				TARGETED_DEVICE_FAMILY = 1;
			};
			name = Release;
		};
/* End XCBuildConfiguration section */

/* Begin XCConfigurationList section */
		0B453A402837C45D00FBFA26 /* Build configuration list for PBXProject "MaasPoints" */ = {
			isa = XCConfigurationList;
			buildConfigurations = (
				0B453A572837C46000FBFA26 /* Debug */,
				0B453A582837C46000FBFA26 /* Release */,
			);
			defaultConfigurationIsVisible = 0;
			defaultConfigurationName = Release;
		};
		0B453A592837C46000FBFA26 /* Build configuration list for PBXNativeTarget "MaasPoints" */ = {
			isa = XCConfigurationList;
			buildConfigurations = (
				0B453A5A2837C46000FBFA26 /* Debug */,
				0B453A5B2837C46000FBFA26 /* Release */,
			);
			defaultConfigurationIsVisible = 0;
			defaultConfigurationName = Release;
		};
/* End XCConfigurationList section */
	};
	rootObject = 0B453A3D2837C45D00FBFA26 /* Project object */;
}
